
Microsoft Visual Studio Solution File, Format Version 12.00
# Visual Studio 15
VisualStudioVersion = 15.0.28307.271
MinimumVisualStudioVersion = 10.0.40219.1
Project("{FAE04EC0-301F-11D3-BF4B-00C04F79EFBC}") = "GamemodeManager", "GamemodeManager\GamemodeManager.csproj", "{2A11FD53-F528-4889-8E04-454CE8A00AE7}"
EndProject
Global
	GlobalSection(SolutionConfigurationPlatforms) = preSolution
		Debug|Any CPU = Debug|Any CPU
		Release|Any CPU = Release|Any CPU
	EndGlobalSection
	GlobalSection(ProjectConfigurationPlatforms) = postSolution
		{2A11FD53-F528-4889-8E04-454CE8A00AE7}.Debug|Any CPU.ActiveCfg = Release|Any CPU
		{2A11FD53-F528-4889-8E04-454CE8A00AE7}.Debug|Any CPU.Build.0 = Release|Any CPU
		{2A11FD53-F528-4889-8E04-454CE8A00AE7}.Release|Any CPU.ActiveCfg = Release|Any CPU
		{2A11FD53-F528-4889-8E04-454CE8A00AE7}.Release|Any CPU.Build.0 = Release|Any CPU
	EndGlobalSection
	GlobalSection(SolutionProperties) = preSolution
		HideSolutionNode = FALSE
	EndGlobalSection
	GlobalSection(ExtensibilityGlobals) = postSolution
		SolutionGuid = {828FFB1A-D83E-4D1E-BF86-4D4FED1D6485}
	EndGlobalSection
EndGlobal
